
Microsoft Visual Studio Solution File, Format Version 12.00
Project("{FAE04EC0-301F-11D3-BF4B-00C04F79EFBC}") = "Kolokwium_probne", "Kolokwium_probne\Kolokwium_probne.csproj", "{1B8D55EA-168D-4D70-B59A-CFF4D99F7683}"
EndProject
Global
	GlobalSection(SolutionConfigurationPlatforms) = preSolution
		Debug|Any CPU = Debug|Any CPU
		Release|Any CPU = Release|Any CPU
	EndGlobalSection
	GlobalSection(ProjectConfigurationPlatforms) = postSolution
		{1B8D55EA-168D-4D70-B59A-CFF4D99F7683}.Debug|Any CPU.ActiveCfg = Debug|Any CPU
		{1B8D55EA-168D-4D70-B59A-CFF4D99F7683}.Debug|Any CPU.Build.0 = Debug|Any CPU
		{1B8D55EA-168D-4D70-B59A-CFF4D99F7683}.Release|Any CPU.ActiveCfg = Release|Any CPU
		{1B8D55EA-168D-4D70-B59A-CFF4D99F7683}.Release|Any CPU.Build.0 = Release|Any CPU
	EndGlobalSection
EndGlobal
